{
  "name": "roundtable-nodecron",
  "version": "0.1.0",
  "lockfileVersion": 3,
  "requires": true,
  "packages": {
    "": {
      "name": "roundtable-nodecron",
      "version": "0.1.0",
      "license": "GPL-3.0",
      "dependencies": {
        "node-cron": "^4.1.0"
      },
      "engines": {
        "node": ">=12"
      }
    },
    "node_modules/node-cron": {
      "version": "4.1.0",
      "resolved": "https://registry.npmjs.org/node-cron/-/node-cron-4.1.0.tgz",
      "integrity": "sha512-OS+3ORu+h03/haS6Di8Qr7CrVs4YaKZZOynZwQpyPZDnR3tqRbwJmuP2gVR16JfhLgyNlloAV1VTrrWlRogCFA==",
      "license": "ISC",
      "engines": {
        "node": ">=6.0.0"
      }
    }
  }
}
